
Microsoft Visual Studio Solution File, Format Version 12.00
# Visual Studio Version 16
VisualStudioVersion = 16.0.31112.23
MinimumVisualStudioVersion = 10.0.40219.1
Project("{FAE04EC0-301F-11D3-BF4B-00C04F79EFBC}") = "PurchaseOrdersWeb", "PurchaseOrdersWeb\PurchaseOrdersWeb.csproj", "{59E16CA6-990E-4022-890A-4F41ADAE761B}"
EndProject
Project("{FAE04EC0-301F-11D3-BF4B-00C04F79EFBC}") = "PurchaseOrders.Data", "Data\PurchaseOrders.Data\PurchaseOrders.Data.csproj", "{B3A542ED-9DE9-4EB6-9407-777F05250512}"
EndProject
Project("{FAE04EC0-301F-11D3-BF4B-00C04F79EFBC}") = "PurchaseOrders.Services", "Services\PurchaseOrders.Services\PurchaseOrders.Services.csproj", "{59E663B4-542F-4FD6-8E9B-50776534C17D}"
EndProject
Global
	GlobalSection(SolutionConfigurationPlatforms) = preSolution
		Debug|Any CPU = Debug|Any CPU
		Release|Any CPU = Release|Any CPU
	EndGlobalSection
	GlobalSection(ProjectConfigurationPlatforms) = postSolution
		{59E16CA6-990E-4022-890A-4F41ADAE761B}.Debug|Any CPU.ActiveCfg = Debug|Any CPU
		{59E16CA6-990E-4022-890A-4F41ADAE761B}.Debug|Any CPU.Build.0 = Debug|Any CPU
		{59E16CA6-990E-4022-890A-4F41ADAE761B}.Release|Any CPU.ActiveCfg = Release|Any CPU
		{59E16CA6-990E-4022-890A-4F41ADAE761B}.Release|Any CPU.Build.0 = Release|Any CPU
		{B3A542ED-9DE9-4EB6-9407-777F05250512}.Debug|Any CPU.ActiveCfg = Debug|Any CPU
		{B3A542ED-9DE9-4EB6-9407-777F05250512}.Debug|Any CPU.Build.0 = Debug|Any CPU
		{B3A542ED-9DE9-4EB6-9407-777F05250512}.Release|Any CPU.ActiveCfg = Release|Any CPU
		{B3A542ED-9DE9-4EB6-9407-777F05250512}.Release|Any CPU.Build.0 = Release|Any CPU
		{59E663B4-542F-4FD6-8E9B-50776534C17D}.Debug|Any CPU.ActiveCfg = Debug|Any CPU
		{59E663B4-542F-4FD6-8E9B-50776534C17D}.Debug|Any CPU.Build.0 = Debug|Any CPU
		{59E663B4-542F-4FD6-8E9B-50776534C17D}.Release|Any CPU.ActiveCfg = Release|Any CPU
		{59E663B4-542F-4FD6-8E9B-50776534C17D}.Release|Any CPU.Build.0 = Release|Any CPU
	EndGlobalSection
	GlobalSection(SolutionProperties) = preSolution
		HideSolutionNode = FALSE
	EndGlobalSection
	GlobalSection(ExtensibilityGlobals) = postSolution
		SolutionGuid = {2191390E-D6D0-407B-B000-8E3D324734F6}
	EndGlobalSection
EndGlobal
